
Microsoft Visual Studio Solution File, Format Version 12.00
# Visual Studio Version 16
VisualStudioVersion = 16.0.32228.343
MinimumVisualStudioVersion = 10.0.40219.1
Project("{FAE04EC0-301F-11D3-BF4B-00C04F79EFBC}") = "TestingProject", "TestingProject\TestingProject.csproj", "{53BB15EF-FCC1-418B-B56C-517490ADFCCB}"
EndProject
Global
	GlobalSection(SolutionConfigurationPlatforms) = preSolution
		Debug|Any CPU = Debug|Any CPU
		Release|Any CPU = Release|Any CPU
	EndGlobalSection
	GlobalSection(ProjectConfigurationPlatforms) = postSolution
		{53BB15EF-FCC1-418B-B56C-517490ADFCCB}.Debug|Any CPU.ActiveCfg = Debug|Any CPU
		{53BB15EF-FCC1-418B-B56C-517490ADFCCB}.Debug|Any CPU.Build.0 = Debug|Any CPU
		{53BB15EF-FCC1-418B-B56C-517490ADFCCB}.Release|Any CPU.ActiveCfg = Release|Any CPU
		{53BB15EF-FCC1-418B-B56C-517490ADFCCB}.Release|Any CPU.Build.0 = Release|Any CPU
	EndGlobalSection
	GlobalSection(SolutionProperties) = preSolution
		HideSolutionNode = FALSE
	EndGlobalSection
	GlobalSection(ExtensibilityGlobals) = postSolution
		SolutionGuid = {DCF4B7A9-C563-45AC-AB77-427545930127}
	EndGlobalSection
EndGlobal
